
Microsoft Visual Studio Solution File, Format Version 12.00
# Visual Studio 15
VisualStudioVersion = 15.0.28307.902
MinimumVisualStudioVersion = 10.0.40219.1
Project("{8BC9CEB8-8B4A-11D0-8D11-00A0C91BC942}") = "Task-2", "Task-2\Task-2.vcxproj", "{90ECB8B7-0838-4752-9466-B4683E5AC40B}"
EndProject
Global
	GlobalSection(SolutionConfigurationPlatforms) = preSolution
		Debug|x64 = Debug|x64
		Debug|x86 = Debug|x86
		Release|x64 = Release|x64
		Release|x86 = Release|x86
	EndGlobalSection
	GlobalSection(ProjectConfigurationPlatforms) = postSolution
		{90ECB8B7-0838-4752-9466-B4683E5AC40B}.Debug|x64.ActiveCfg = Debug|x64
		{90ECB8B7-0838-4752-9466-B4683E5AC40B}.Debug|x64.Build.0 = Debug|x64
		{90ECB8B7-0838-4752-9466-B4683E5AC40B}.Debug|x86.ActiveCfg = Debug|Win32
		{90ECB8B7-0838-4752-9466-B4683E5AC40B}.Debug|x86.Build.0 = Debug|Win32
		{90ECB8B7-0838-4752-9466-B4683E5AC40B}.Release|x64.ActiveCfg = Release|x64
		{90ECB8B7-0838-4752-9466-B4683E5AC40B}.Release|x64.Build.0 = Release|x64
		{90ECB8B7-0838-4752-9466-B4683E5AC40B}.Release|x86.ActiveCfg = Release|Win32
		{90ECB8B7-0838-4752-9466-B4683E5AC40B}.Release|x86.Build.0 = Release|Win32
	EndGlobalSection
	GlobalSection(SolutionProperties) = preSolution
		HideSolutionNode = FALSE
	EndGlobalSection
	GlobalSection(ExtensibilityGlobals) = postSolution
		SolutionGuid = {33D6938C-F43F-4024-B690-561E2D0D5355}
	EndGlobalSection
EndGlobal
